<?xml version="1.0" encoding="utf-8"?>
<Project ToolsVersion="4.0" xmlns="http://schemas.microsoft.com/developer/msbuild/2003">
  <ItemGroup>
    <Filter Include="App">
      <UniqueIdentifier>{9d071197-6c2c-4597-bbbd-cb6af0aa40db}</UniqueIdentifier>
    </Filter>
    <Filter Include="UI">
      <UniqueIdentifier>{19e51943-d061-4f2f-b060-22651ee79f16}</UniqueIdentifier>
    </Filter>
    <Filter Include="Event">
      <UniqueIdentifier>{91ebc6e8-32bd-4ff1-be8b-96bcc9cbfdc7}</UniqueIdentifier>
    </Filter>
    <Filter Include="Service">
      <UniqueIdentifier>{72d9e017-0302-4d2c-94e1-8fbfbaa05680}</UniqueIdentifier>
    </Filter>
  </ItemGroup>
  <ItemGroup>
    <ClCompile Include="..\..\..\..\Code\Application\UIEditor\Main.cpp" />
  </ItemGroup>
  <ItemGroup>
    <ClInclude Include="..\..\..\..\Code\Application\UIEditor\App\ApplicationWin32.h">
      <Filter>App</Filter>
    </ClInclude>
    <ClInclude Include="..\..\..\..\Code\Application\UIEditor\App\Application.h">
      <Filter>App</Filter>
    </ClInclude>
  </ItemGroup>
</Project>