<?xml version="1.0" encoding="utf-8"?>
<Project ToolsVersion="4.0" xmlns="http://schemas.microsoft.com/developer/msbuild/2003">
  <ItemGroup>
    <ClCompile Include="..\..\..\..\Code\UnitTest\TestFoundation\TestMain.cpp" />
    <ClCompile Include="..\..\..\..\Code\UnitTest\TestFoundation\TestString.cpp" />
    <ClCompile Include="..\..\..\..\Code\UnitTest\TestFoundation\TestMem.cpp" />
    <ClCompile Include="..\..\..\..\Code\UnitTest\TestFoundation\TestHashMap.cpp" />
    <ClCompile Include="..\..\..\..\Code\UnitTest\TestFoundation\TestArray.cpp" />
    <ClCompile Include="..\..\..\..\Code\UnitTest\TestFoundation\TestSmartPtr.cpp" />
    <ClCompile Include="..\..\..\..\Code\UnitTest\TestFoundation\TestEvent.cpp" />
    <ClCompile Include="..\..\..\..\Code\UnitTest\TestFoundation\TestReflection.cpp" />
    <ClCompile Include="..\..\..\..\Code\UnitTest\TestFoundation\TestAnyClass.cpp" />
    <ClCompile Include="..\..\..\..\Code\UnitTest\TestFoundation\TestList.cpp" />
  </ItemGroup>
</Project>